
Microsoft Visual Studio Solution File, Format Version 12.00
# Visual Studio Version 17
VisualStudioVersion = 17.8.34330.188
MinimumVisualStudioVersion = 10.0.40219.1
Project("{FAE04EC0-301F-11D3-BF4B-00C04F79EFBC}") = "TaskManager", "TaskManager\TaskManager.csproj", "{C1006F2E-209E-4C25-A1C1-18332B7CCE32}"
EndProject
Global
	GlobalSection(SolutionConfigurationPlatforms) = preSolution
		Debug|Any CPU = Debug|Any CPU
		Release|Any CPU = Release|Any CPU
	EndGlobalSection
	GlobalSection(ProjectConfigurationPlatforms) = postSolution
		{C1006F2E-209E-4C25-A1C1-18332B7CCE32}.Debug|Any CPU.ActiveCfg = Debug|Any CPU
		{C1006F2E-209E-4C25-A1C1-18332B7CCE32}.Debug|Any CPU.Build.0 = Debug|Any CPU
		{C1006F2E-209E-4C25-A1C1-18332B7CCE32}.Release|Any CPU.ActiveCfg = Release|Any CPU
		{C1006F2E-209E-4C25-A1C1-18332B7CCE32}.Release|Any CPU.Build.0 = Release|Any CPU
	EndGlobalSection
	GlobalSection(SolutionProperties) = preSolution
		HideSolutionNode = FALSE
	EndGlobalSection
	GlobalSection(ExtensibilityGlobals) = postSolution
		SolutionGuid = {D0DBEDB0-8735-4DEE-A0BB-705C5D550D21}
	EndGlobalSection
EndGlobal
